
Microsoft Visual Studio Solution File, Format Version 12.00
# Visual Studio 14
VisualStudioVersion = 14.0.25420.1
MinimumVisualStudioVersion = 10.0.40219.1
Project("{FAE04EC0-301F-11D3-BF4B-00C04F79EFBC}") = "RallyVisualStudioExtension.Extension", "VsixProject\RallyVisualStudioExtension.Extension.csproj", "{9A7F8651-766E-44E9-8A5C-6528E0C61EDA}"
EndProject
Project("{2150E333-8FDC-42A3-9474-1A3956D46DE8}") = "Dependencies", "Dependencies", "{07998020-AB03-44BC-916D-16118590924A}"
	ProjectSection(SolutionItems) = preProject
		Dependencies\Microsoft.TeamFoundation.Client.dll = Dependencies\Microsoft.TeamFoundation.Client.dll
		Dependencies\Microsoft.TeamFoundation.Controls.dll = Dependencies\Microsoft.TeamFoundation.Controls.dll
		Dependencies\Microsoft.TeamFoundation.VersionControl.Client.dll = Dependencies\Microsoft.TeamFoundation.VersionControl.Client.dll
		Dependencies\Microsoft.TeamFoundation.VersionControl.Controls.dll = Dependencies\Microsoft.TeamFoundation.VersionControl.Controls.dll
		Dependencies\Microsoft.TeamFoundation.WorkItemTracking.Client.dll = Dependencies\Microsoft.TeamFoundation.WorkItemTracking.Client.dll
		Dependencies\Microsoft.TeamFoundation.WorkItemTracking.Controls.dll = Dependencies\Microsoft.TeamFoundation.WorkItemTracking.Controls.dll
		Dependencies\Microsoft.VisualStudio.TeamFoundation.dll = Dependencies\Microsoft.VisualStudio.TeamFoundation.dll
		Dependencies\Microsoft.VisualStudio.TeamFoundation.VersionControl.dll = Dependencies\Microsoft.VisualStudio.TeamFoundation.VersionControl.dll
		Dependencies\Microsoft.VisualStudio.TeamFoundation.WorkItemTracking.dll = Dependencies\Microsoft.VisualStudio.TeamFoundation.WorkItemTracking.dll
	EndProjectSection
EndProject
Global
	GlobalSection(SolutionConfigurationPlatforms) = preSolution
		Debug|Any CPU = Debug|Any CPU
		Release|Any CPU = Release|Any CPU
	EndGlobalSection
	GlobalSection(ProjectConfigurationPlatforms) = postSolution
		{9A7F8651-766E-44E9-8A5C-6528E0C61EDA}.Debug|Any CPU.ActiveCfg = Debug|Any CPU
		{9A7F8651-766E-44E9-8A5C-6528E0C61EDA}.Debug|Any CPU.Build.0 = Debug|Any CPU
		{9A7F8651-766E-44E9-8A5C-6528E0C61EDA}.Release|Any CPU.ActiveCfg = Release|Any CPU
		{9A7F8651-766E-44E9-8A5C-6528E0C61EDA}.Release|Any CPU.Build.0 = Release|Any CPU
	EndGlobalSection
	GlobalSection(SolutionProperties) = preSolution
		HideSolutionNode = FALSE
	EndGlobalSection
EndGlobal
